
Microsoft Visual Studio Solution File, Format Version 12.00
# Visual Studio Version 17
VisualStudioVersion = 17.4.33110.190
MinimumVisualStudioVersion = 10.0.40219.1
Project("{9A19103F-16F7-4668-BE54-9A1E7A4F7556}") = "Weitedianlan.Model", "Weitedianlan.Model\Weitedianlan.Model.csproj", "{61E3AB9C-2BA6-46F9-9553-5B3774C33174}"
EndProject
Project("{9A19103F-16F7-4668-BE54-9A1E7A4F7556}") = "Wtdl.Repository", "Wtdl.Repository\Wtdl.Repository.csproj", "{84B86FF3-ED7E-4724-812D-9137CC83F296}"
EndProject
Project("{9A19103F-16F7-4668-BE54-9A1E7A4F7556}") = "Wtdl.Admin", "Wtdl.Admin\Wtdl.Admin.csproj", "{9E462E2E-5D7D-463A-B397-0775B3E9A3C7}"
	ProjectSection(ProjectDependencies) = postProject
		{61E3AB9C-2BA6-46F9-9553-5B3774C33174} = {61E3AB9C-2BA6-46F9-9553-5B3774C33174}
		{84B86FF3-ED7E-4724-812D-9137CC83F296} = {84B86FF3-ED7E-4724-812D-9137CC83F296}
	EndProjectSection
EndProject
Project("{9A19103F-16F7-4668-BE54-9A1E7A4F7556}") = "Wtdl.Controller", "Wtdl.Controller\Wtdl.Controller.csproj", "{C2070977-2FF1-4409-B971-BDD8C272DF34}"
EndProject
Global
	GlobalSection(SolutionConfigurationPlatforms) = preSolution
		Debug|Any CPU = Debug|Any CPU
		Debug|x64 = Debug|x64
		Release|Any CPU = Release|Any CPU
		Release|x64 = Release|x64
	EndGlobalSection
	GlobalSection(ProjectConfigurationPlatforms) = postSolution
		{61E3AB9C-2BA6-46F9-9553-5B3774C33174}.Debug|Any CPU.ActiveCfg = Debug|Any CPU
		{61E3AB9C-2BA6-46F9-9553-5B3774C33174}.Debug|Any CPU.Build.0 = Debug|Any CPU
		{61E3AB9C-2BA6-46F9-9553-5B3774C33174}.Debug|x64.ActiveCfg = Debug|Any CPU
		{61E3AB9C-2BA6-46F9-9553-5B3774C33174}.Debug|x64.Build.0 = Debug|Any CPU
		{61E3AB9C-2BA6-46F9-9553-5B3774C33174}.Release|Any CPU.ActiveCfg = Release|Any CPU
		{61E3AB9C-2BA6-46F9-9553-5B3774C33174}.Release|Any CPU.Build.0 = Release|Any CPU
		{61E3AB9C-2BA6-46F9-9553-5B3774C33174}.Release|x64.ActiveCfg = Release|Any CPU
		{61E3AB9C-2BA6-46F9-9553-5B3774C33174}.Release|x64.Build.0 = Release|Any CPU
		{84B86FF3-ED7E-4724-812D-9137CC83F296}.Debug|Any CPU.ActiveCfg = Debug|Any CPU
		{84B86FF3-ED7E-4724-812D-9137CC83F296}.Debug|Any CPU.Build.0 = Debug|Any CPU
		{84B86FF3-ED7E-4724-812D-9137CC83F296}.Debug|x64.ActiveCfg = Debug|Any CPU
		{84B86FF3-ED7E-4724-812D-9137CC83F296}.Debug|x64.Build.0 = Debug|Any CPU
		{84B86FF3-ED7E-4724-812D-9137CC83F296}.Release|Any CPU.ActiveCfg = Release|Any CPU
		{84B86FF3-ED7E-4724-812D-9137CC83F296}.Release|Any CPU.Build.0 = Release|Any CPU
		{84B86FF3-ED7E-4724-812D-9137CC83F296}.Release|x64.ActiveCfg = Release|Any CPU
		{84B86FF3-ED7E-4724-812D-9137CC83F296}.Release|x64.Build.0 = Release|Any CPU
		{9E462E2E-5D7D-463A-B397-0775B3E9A3C7}.Debug|Any CPU.ActiveCfg = Debug|Any CPU
		{9E462E2E-5D7D-463A-B397-0775B3E9A3C7}.Debug|Any CPU.Build.0 = Debug|Any CPU
		{9E462E2E-5D7D-463A-B397-0775B3E9A3C7}.Debug|x64.ActiveCfg = Debug|Any CPU
		{9E462E2E-5D7D-463A-B397-0775B3E9A3C7}.Debug|x64.Build.0 = Debug|Any CPU
		{9E462E2E-5D7D-463A-B397-0775B3E9A3C7}.Release|Any CPU.ActiveCfg = Release|Any CPU
		{9E462E2E-5D7D-463A-B397-0775B3E9A3C7}.Release|Any CPU.Build.0 = Release|Any CPU
		{9E462E2E-5D7D-463A-B397-0775B3E9A3C7}.Release|x64.ActiveCfg = Release|Any CPU
		{9E462E2E-5D7D-463A-B397-0775B3E9A3C7}.Release|x64.Build.0 = Release|Any CPU
		{C2070977-2FF1-4409-B971-BDD8C272DF34}.Debug|Any CPU.ActiveCfg = Debug|Any CPU
		{C2070977-2FF1-4409-B971-BDD8C272DF34}.Debug|Any CPU.Build.0 = Debug|Any CPU
		{C2070977-2FF1-4409-B971-BDD8C272DF34}.Debug|x64.ActiveCfg = Debug|Any CPU
		{C2070977-2FF1-4409-B971-BDD8C272DF34}.Debug|x64.Build.0 = Debug|Any CPU
		{C2070977-2FF1-4409-B971-BDD8C272DF34}.Release|Any CPU.ActiveCfg = Release|Any CPU
		{C2070977-2FF1-4409-B971-BDD8C272DF34}.Release|Any CPU.Build.0 = Release|Any CPU
		{C2070977-2FF1-4409-B971-BDD8C272DF34}.Release|x64.ActiveCfg = Release|Any CPU
		{C2070977-2FF1-4409-B971-BDD8C272DF34}.Release|x64.Build.0 = Release|Any CPU
	EndGlobalSection
	GlobalSection(SolutionProperties) = preSolution
		HideSolutionNode = FALSE
	EndGlobalSection
	GlobalSection(ExtensibilityGlobals) = postSolution
		SolutionGuid = {6D49665A-208D-4604-8686-09DC13161E4B}
	EndGlobalSection
EndGlobal
