
Microsoft Visual Studio Solution File, Format Version 12.00
# Visual Studio Version 16
VisualStudioVersion = 16.0.29025.244
MinimumVisualStudioVersion = 10.0.40219.1
Project("{FAE04EC0-301F-11D3-BF4B-00C04F79EFBC}") = "ServerProt", "ServerProt\ServerProt.csproj", "{075B51DA-1F23-497E-9216-1C50EF27379F}"
EndProject
Global
	GlobalSection(SolutionConfigurationPlatforms) = preSolution
		Debug|Any CPU = Debug|Any CPU
		Release|Any CPU = Release|Any CPU
	EndGlobalSection
	GlobalSection(ProjectConfigurationPlatforms) = postSolution
		{075B51DA-1F23-497E-9216-1C50EF27379F}.Debug|Any CPU.ActiveCfg = Debug|Any CPU
		{075B51DA-1F23-497E-9216-1C50EF27379F}.Debug|Any CPU.Build.0 = Debug|Any CPU
		{075B51DA-1F23-497E-9216-1C50EF27379F}.Release|Any CPU.ActiveCfg = Release|Any CPU
		{075B51DA-1F23-497E-9216-1C50EF27379F}.Release|Any CPU.Build.0 = Release|Any CPU
	EndGlobalSection
	GlobalSection(SolutionProperties) = preSolution
		HideSolutionNode = FALSE
	EndGlobalSection
	GlobalSection(ExtensibilityGlobals) = postSolution
		SolutionGuid = {524B7DD0-FC14-46FE-8744-CB2E19425585}
	EndGlobalSection
EndGlobal
