
Microsoft Visual Studio Solution File, Format Version 12.00
# Visual Studio 2012
Project("{E24C65DC-7377-472B-9ABA-BC803B73C61A}") = "Web", "http://localhost:31036", "{91D4A5CB-03E7-4540-800A-A82D22BC25AA}"
	ProjectSection(WebsiteProperties) = preProject
		Frontpage = "false"
		UseIISExpress = "true"
		TargetFrameworkMoniker = ".NETFramework,Version%3Dv4.8"
		ProjectReferences = "{e3d49510-51a5-413a-a4d7-662a7e8e80db}|Common.dll;"
		Debug.AspNetCompiler.VirtualPath = "/localhost_31036"
		Debug.AspNetCompiler.PhysicalPath = "Web\"
		Debug.AspNetCompiler.TargetPath = "PrecompiledWeb\localhost_31036\"
		Debug.AspNetCompiler.Updateable = "true"
		Debug.AspNetCompiler.ForceOverwrite = "true"
		Debug.AspNetCompiler.FixedNames = "false"
		Debug.AspNetCompiler.Debug = "True"
		Release.AspNetCompiler.VirtualPath = "/localhost_31036"
		Release.AspNetCompiler.PhysicalPath = "Web\"
		Release.AspNetCompiler.TargetPath = "PrecompiledWeb\localhost_31036\"
		Release.AspNetCompiler.Updateable = "true"
		Release.AspNetCompiler.ForceOverwrite = "true"
		Release.AspNetCompiler.FixedNames = "false"
		Release.AspNetCompiler.Debug = "False"
		SlnRelativePath = "Web\"
		DefaultWebSiteLanguage = "Visual C#"
	EndProjectSection
EndProject
Project("{FAE04EC0-301F-11D3-BF4B-00C04F79EFBC}") = "Common", "Common\Common.csproj", "{E3D49510-51A5-413A-A4D7-662A7E8E80DB}"
EndProject
Global
	GlobalSection(SolutionConfigurationPlatforms) = preSolution
		Debug|Any CPU = Debug|Any CPU
		Release|Any CPU = Release|Any CPU
	EndGlobalSection
	GlobalSection(ProjectConfigurationPlatforms) = postSolution
		{91D4A5CB-03E7-4540-800A-A82D22BC25AA}.Debug|Any CPU.ActiveCfg = Debug|Any CPU
		{91D4A5CB-03E7-4540-800A-A82D22BC25AA}.Debug|Any CPU.Build.0 = Debug|Any CPU
		{91D4A5CB-03E7-4540-800A-A82D22BC25AA}.Release|Any CPU.ActiveCfg = Debug|Any CPU
		{91D4A5CB-03E7-4540-800A-A82D22BC25AA}.Release|Any CPU.Build.0 = Debug|Any CPU
		{E3D49510-51A5-413A-A4D7-662A7E8E80DB}.Debug|Any CPU.ActiveCfg = Debug|Any CPU
		{E3D49510-51A5-413A-A4D7-662A7E8E80DB}.Debug|Any CPU.Build.0 = Debug|Any CPU
		{E3D49510-51A5-413A-A4D7-662A7E8E80DB}.Release|Any CPU.ActiveCfg = Release|Any CPU
		{E3D49510-51A5-413A-A4D7-662A7E8E80DB}.Release|Any CPU.Build.0 = Release|Any CPU
	EndGlobalSection
	GlobalSection(SolutionProperties) = preSolution
		HideSolutionNode = FALSE
	EndGlobalSection
	GlobalSection(ExtensibilityGlobals) = postSolution
		SolutionGuid = {BA45BD00-45F3-4A80-8668-C3D6C4D94171}
	EndGlobalSection
EndGlobal
